// !$*UTF8*$!
{
	archiveVersion = 1;
	classes = {
	};
	objectVersion = 46;
	objects = {

/* Begin PBXBuildFile section */
		5BD0B4195E05C956B764B2C5 /* libPods-HexMeister.a in Frameworks */ = {isa = PBXBuildFile; fileRef = F77F51F6E02915A834FD1735 /* libPods-HexMeister.a */; };
		6A5570F91A15C7ED00C46014 /* TSAppDelegate.m in Sources */ = {isa = PBXBuildFile; fileRef = 6A5570F81A15C7ED00C46014 /* TSAppDelegate.m */; };
		6A5570FB1A15C7ED00C46014 /* main.m in Sources */ = {isa = PBXBuildFile; fileRef = 6A5570FA1A15C7ED00C46014 /* main.m */; };
		6A5570FE1A15C7ED00C46014 /* TSDocument.m in Sources */ = {isa = PBXBuildFile; fileRef = 6A5570FD1A15C7ED00C46014 /* TSDocument.m */; };
		6A5571011A15C7ED00C46014 /* TSDocument.xib in Resources */ = {isa = PBXBuildFile; fileRef = 6A5570FF1A15C7ED00C46014 /* TSDocument.xib */; };
		6A5571031A15C7ED00C46014 /* Images.xcassets in Resources */ = {isa = PBXBuildFile; fileRef = 6A5571021A15C7ED00C46014 /* Images.xcassets */; };
		6A5571061A15C7ED00C46014 /* MainMenu.xib in Resources */ = {isa = PBXBuildFile; fileRef = 6A5571041A15C7ED00C46014 /* MainMenu.xib */; };
		6A5571261A15C8EF00C46014 /* TSAppKit.framework in Copy Frameworks */ = {isa = PBXBuildFile; fileRef = 6A5571201A15C89F00C46014 /* TSAppKit.framework */; settings = {ATTRIBUTES = (CodeSignOnCopy, RemoveHeadersOnCopy, ); }; };
		6A55712D1A15CC3E00C46014 /* TSPreferencesPanels.plist in Resources */ = {isa = PBXBuildFile; fileRef = 6A55712C1A15CC3E00C46014 /* TSPreferencesPanels.plist */; };
		6A5571311A15CCC200C46014 /* TSPreferencesGeneral.m in Sources */ = {isa = PBXBuildFile; fileRef = 6A55712F1A15CCC200C46014 /* TSPreferencesGeneral.m */; };
		6A5571321A15CCC200C46014 /* TSPreferencesGeneral.xib in Resources */ = {isa = PBXBuildFile; fileRef = 6A5571301A15CCC200C46014 /* TSPreferencesGeneral.xib */; };
		6A5571341A15CF5200C46014 /* QuartzCore.framework in Frameworks */ = {isa = PBXBuildFile; fileRef = 6A5571331A15CF5200C46014 /* QuartzCore.framework */; };
		6A5571381A15D2E300C46014 /* TSPlugInManager.m in Sources */ = {isa = PBXBuildFile; fileRef = 6A5571371A15D2E300C46014 /* TSPlugInManager.m */; };
		6AFA53241A16421D008888C4 /* TSPathHelper.m in Sources */ = {isa = PBXBuildFile; fileRef = 6AFA53231A16421D008888C4 /* TSPathHelper.m */; };
		6AFA53321A168D11008888C4 /* Integers.bundle in Copy PlugIns */ = {isa = PBXBuildFile; fileRef = 6AFA53291A168CDE008888C4 /* Integers.bundle */; settings = {ATTRIBUTES = (CodeSignOnCopy, RemoveHeadersOnCopy, ); }; };
		6AFA53351A168D35008888C4 /* TSIntegerPlugin.m in Sources */ = {isa = PBXBuildFile; fileRef = 6AFA53341A168D35008888C4 /* TSIntegerPlugin.m */; };
		6AFA533A1A16F3C1008888C4 /* TSHexView.m in Sources */ = {isa = PBXBuildFile; fileRef = 6AFA53391A16F3C1008888C4 /* TSHexView.m */; };
		6AFA533C1A16F66D008888C4 /* CoreText.framework in Frameworks */ = {isa = PBXBuildFile; fileRef = 6AFA533B1A16F66D008888C4 /* CoreText.framework */; };
		6AFA533E1A16FC2A008888C4 /* DefaultPreferences.plist in Resources */ = {isa = PBXBuildFile; fileRef = 6AFA533D1A16FC2A008888C4 /* DefaultPreferences.plist */; };
/* End PBXBuildFile section */

/* Begin PBXContainerItemProxy section */
		6A55711F1A15C89F00C46014 /* PBXContainerItemProxy */ = {
			isa = PBXContainerItemProxy;
			containerPortal = 6A55711B1A15C89F00C46014 /* TSAppKit.xcodeproj */;
			proxyType = 2;
			remoteGlobalIDString = 6ABE16131A11A7AE00165B3A;
			remoteInfo = TSAppKit;
		};
		6A5571231A15C8B600C46014 /* PBXContainerItemProxy */ = {
			isa = PBXContainerItemProxy;
			containerPortal = 6A55711B1A15C89F00C46014 /* TSAppKit.xcodeproj */;
			proxyType = 1;
			remoteGlobalIDString = 6ABE16121A11A7AE00165B3A;
			remoteInfo = TSAppKit;
		};
		6AFA53301A168D09008888C4 /* PBXContainerItemProxy */ = {
			isa = PBXContainerItemProxy;
			containerPortal = 6A5570EA1A15C7ED00C46014 /* Project object */;
			proxyType = 1;
			remoteGlobalIDString = 6AFA53281A168CDE008888C4;
			remoteInfo = Integers;
		};
/* End PBXContainerItemProxy section */

/* Begin PBXCopyFilesBuildPhase section */
		6A5571251A15C8B800C46014 /* Copy Frameworks */ = {
			isa = PBXCopyFilesBuildPhase;
			buildActionMask = 2147483647;
			dstPath = "";
			dstSubfolderSpec = 10;
			files = (
				6A5571261A15C8EF00C46014 /* TSAppKit.framework in Copy Frameworks */,
			);
			name = "Copy Frameworks";
			runOnlyForDeploymentPostprocessing = 0;
		};
		6AFA53201A15D414008888C4 /* Copy PlugIns */ = {
			isa = PBXCopyFilesBuildPhase;
			buildActionMask = 2147483647;
			dstPath = "";
			dstSubfolderSpec = 13;
			files = (
				6AFA53321A168D11008888C4 /* Integers.bundle in Copy PlugIns */,
			);
			name = "Copy PlugIns";
			runOnlyForDeploymentPostprocessing = 0;
		};
/* End PBXCopyFilesBuildPhase section */

/* Begin PBXFileReference section */
		6A5570F21A15C7ED00C46014 /* HexMeister.app */ = {isa = PBXFileReference; explicitFileType = wrapper.application; includeInIndex = 0; path = HexMeister.app; sourceTree = BUILT_PRODUCTS_DIR; };
		6A5570F61A15C7ED00C46014 /* Info.plist */ = {isa = PBXFileReference; lastKnownFileType = text.plist.xml; path = Info.plist; sourceTree = "<group>"; };
		6A5570F71A15C7ED00C46014 /* TSAppDelegate.h */ = {isa = PBXFileReference; lastKnownFileType = sourcecode.c.h; path = TSAppDelegate.h; sourceTree = "<group>"; };
		6A5570F81A15C7ED00C46014 /* TSAppDelegate.m */ = {isa = PBXFileReference; lastKnownFileType = sourcecode.c.objc; path = TSAppDelegate.m; sourceTree = "<group>"; };
		6A5570FA1A15C7ED00C46014 /* main.m */ = {isa = PBXFileReference; lastKnownFileType = sourcecode.c.objc; path = main.m; sourceTree = "<group>"; };
		6A5570FC1A15C7ED00C46014 /* TSDocument.h */ = {isa = PBXFileReference; lastKnownFileType = sourcecode.c.h; name = TSDocument.h; path = HexMeister/TSDocument.h; sourceTree = "<group>"; };
		6A5570FD1A15C7ED00C46014 /* TSDocument.m */ = {isa = PBXFileReference; lastKnownFileType = sourcecode.c.objc; name = TSDocument.m; path = HexMeister/TSDocument.m; sourceTree = "<group>"; };
		6A5571001A15C7ED00C46014 /* Base */ = {isa = PBXFileReference; lastKnownFileType = file.xib; name = Base; path = Base.lproj/TSDocument.xib; sourceTree = "<group>"; };
		6A5571021A15C7ED00C46014 /* Images.xcassets */ = {isa = PBXFileReference; lastKnownFileType = folder.assetcatalog; path = Images.xcassets; sourceTree = "<group>"; };
		6A5571051A15C7ED00C46014 /* Base */ = {isa = PBXFileReference; lastKnownFileType = file.xib; name = Base; path = Base.lproj/MainMenu.xib; sourceTree = "<group>"; };
		6A55711B1A15C89F00C46014 /* TSAppKit.xcodeproj */ = {isa = PBXFileReference; lastKnownFileType = "wrapper.pb-project"; name = TSAppKit.xcodeproj; path = TSAppKit/TSAppKit.xcodeproj; sourceTree = "<group>"; };
		6A5571291A15C9B900C46014 /* HexMeister-Prefix.pch */ = {isa = PBXFileReference; lastKnownFileType = sourcecode.c.h; path = "HexMeister-Prefix.pch"; sourceTree = "<group>"; };
		6A55712C1A15CC3E00C46014 /* TSPreferencesPanels.plist */ = {isa = PBXFileReference; fileEncoding = 4; lastKnownFileType = text.plist.xml; path = TSPreferencesPanels.plist; sourceTree = "<group>"; };
		6A55712E1A15CCC200C46014 /* TSPreferencesGeneral.h */ = {isa = PBXFileReference; fileEncoding = 4; lastKnownFileType = sourcecode.c.h; path = TSPreferencesGeneral.h; sourceTree = "<group>"; };
		6A55712F1A15CCC200C46014 /* TSPreferencesGeneral.m */ = {isa = PBXFileReference; fileEncoding = 4; lastKnownFileType = sourcecode.c.objc; path = TSPreferencesGeneral.m; sourceTree = "<group>"; };
		6A5571301A15CCC200C46014 /* TSPreferencesGeneral.xib */ = {isa = PBXFileReference; fileEncoding = 4; lastKnownFileType = file.xib; path = TSPreferencesGeneral.xib; sourceTree = "<group>"; };
		6A5571331A15CF5200C46014 /* QuartzCore.framework */ = {isa = PBXFileReference; lastKnownFileType = wrapper.framework; name = QuartzCore.framework; path = System/Library/Frameworks/QuartzCore.framework; sourceTree = SDKROOT; };
		6A5571361A15D2E300C46014 /* TSPlugInManager.h */ = {isa = PBXFileReference; fileEncoding = 4; lastKnownFileType = sourcecode.c.h; name = TSPlugInManager.h; path = HexMeister/TSPlugInManager.h; sourceTree = "<group>"; };
		6A5571371A15D2E300C46014 /* TSPlugInManager.m */ = {isa = PBXFileReference; fileEncoding = 4; lastKnownFileType = sourcecode.c.objc; name = TSPlugInManager.m; path = HexMeister/TSPlugInManager.m; sourceTree = "<group>"; };
		6AFA53221A16421D008888C4 /* TSPathHelper.h */ = {isa = PBXFileReference; fileEncoding = 4; lastKnownFileType = sourcecode.c.h; path = TSPathHelper.h; sourceTree = "<group>"; };
		6AFA53231A16421D008888C4 /* TSPathHelper.m */ = {isa = PBXFileReference; fileEncoding = 4; lastKnownFileType = sourcecode.c.objc; path = TSPathHelper.m; sourceTree = "<group>"; };
		6AFA53291A168CDE008888C4 /* Integers.bundle */ = {isa = PBXFileReference; explicitFileType = wrapper.cfbundle; includeInIndex = 0; path = Integers.bundle; sourceTree = BUILT_PRODUCTS_DIR; };
		6AFA532C1A168CDE008888C4 /* Info.plist */ = {isa = PBXFileReference; lastKnownFileType = text.plist.xml; path = Info.plist; sourceTree = "<group>"; };
		6AFA53331A168D35008888C4 /* TSIntegerPlugin.h */ = {isa = PBXFileReference; fileEncoding = 4; lastKnownFileType = sourcecode.c.h; path = TSIntegerPlugin.h; sourceTree = "<group>"; };
		6AFA53341A168D35008888C4 /* TSIntegerPlugin.m */ = {isa = PBXFileReference; fileEncoding = 4; lastKnownFileType = sourcecode.c.objc; path = TSIntegerPlugin.m; sourceTree = "<group>"; };
		6AFA53361A168EEE008888C4 /* TSPlugIn.h */ = {isa = PBXFileReference; fileEncoding = 4; lastKnownFileType = sourcecode.c.h; name = TSPlugIn.h; path = HexMeister/TSPlugIn.h; sourceTree = "<group>"; };
		6AFA53381A16F3C1008888C4 /* TSHexView.h */ = {isa = PBXFileReference; fileEncoding = 4; lastKnownFileType = sourcecode.c.h; name = TSHexView.h; path = HexMeister/TSHexView.h; sourceTree = "<group>"; };
		6AFA53391A16F3C1008888C4 /* TSHexView.m */ = {isa = PBXFileReference; fileEncoding = 4; lastKnownFileType = sourcecode.c.objc; name = TSHexView.m; path = HexMeister/TSHexView.m; sourceTree = "<group>"; };
		6AFA533B1A16F66D008888C4 /* CoreText.framework */ = {isa = PBXFileReference; lastKnownFileType = wrapper.framework; name = CoreText.framework; path = System/Library/Frameworks/CoreText.framework; sourceTree = SDKROOT; };
		6AFA533D1A16FC2A008888C4 /* DefaultPreferences.plist */ = {isa = PBXFileReference; fileEncoding = 4; lastKnownFileType = text.plist.xml; path = DefaultPreferences.plist; sourceTree = "<group>"; };
		7CE49B4213CEC972DF88700E /* Pods-HexMeister.debug.xcconfig */ = {isa = PBXFileReference; includeInIndex = 1; lastKnownFileType = text.xcconfig; name = "Pods-HexMeister.debug.xcconfig"; path = "Pods/Target Support Files/Pods-HexMeister/Pods-HexMeister.debug.xcconfig"; sourceTree = "<group>"; };
		C94337398F727D027D9EA08F /* Pods-HexMeister.release.xcconfig */ = {isa = PBXFileReference; includeInIndex = 1; lastKnownFileType = text.xcconfig; name = "Pods-HexMeister.release.xcconfig"; path = "Pods/Target Support Files/Pods-HexMeister/Pods-HexMeister.release.xcconfig"; sourceTree = "<group>"; };
		F77F51F6E02915A834FD1735 /* libPods-HexMeister.a */ = {isa = PBXFileReference; explicitFileType = archive.ar; includeInIndex = 0; path = "libPods-HexMeister.a"; sourceTree = BUILT_PRODUCTS_DIR; };
/* End PBXFileReference section */

/* Begin PBXFrameworksBuildPhase section */
		6A5570EF1A15C7ED00C46014 /* Frameworks */ = {
			isa = PBXFrameworksBuildPhase;
			buildActionMask = 2147483647;
			files = (
				6AFA533C1A16F66D008888C4 /* CoreText.framework in Frameworks */,
				6A5571341A15CF5200C46014 /* QuartzCore.framework in Frameworks */,
				5BD0B4195E05C956B764B2C5 /* libPods-HexMeister.a in Frameworks */,
			);
			runOnlyForDeploymentPostprocessing = 0;
		};
		6AFA53261A168CDE008888C4 /* Frameworks */ = {
			isa = PBXFrameworksBuildPhase;
			buildActionMask = 2147483647;
			files = (
			);
			runOnlyForDeploymentPostprocessing = 0;
		};
/* End PBXFrameworksBuildPhase section */

/* Begin PBXGroup section */
		14E48A187B11312FE6B710F8 /* Frameworks */ = {
			isa = PBXGroup;
			children = (
				6AFA533B1A16F66D008888C4 /* CoreText.framework */,
				6A5571331A15CF5200C46014 /* QuartzCore.framework */,
				F77F51F6E02915A834FD1735 /* libPods-HexMeister.a */,
			);
			name = Frameworks;
			sourceTree = "<group>";
		};
		15E71813783091D5E03168C6 /* Pods */ = {
			isa = PBXGroup;
			children = (
				7CE49B4213CEC972DF88700E /* Pods-HexMeister.debug.xcconfig */,
				C94337398F727D027D9EA08F /* Pods-HexMeister.release.xcconfig */,
			);
			name = Pods;
			sourceTree = "<group>";
		};
		6A5570E91A15C7ED00C46014 = {
			isa = PBXGroup;
			children = (
				6A55711B1A15C89F00C46014 /* TSAppKit.xcodeproj */,
				6AFA53371A16F36E008888C4 /* hex view */,
				6A5571271A15C93300C46014 /* Document */,
				6A5571351A15D22700C46014 /* PlugIn API */,
				6AFA531F1A15D404008888C4 /* Default PlugIns */,
				6AFA53211A164208008888C4 /* Helpers */,
				6A55712B1A15CA3D00C46014 /* Preferences */,
				6A5570F41A15C7ED00C46014 /* App Delegate */,
				6A5571281A15C97F00C46014 /* Resources */,
				6A5570F31A15C7ED00C46014 /* Products */,
				15E71813783091D5E03168C6 /* Pods */,
				14E48A187B11312FE6B710F8 /* Frameworks */,
			);
			sourceTree = "<group>";
		};
		6A5570F31A15C7ED00C46014 /* Products */ = {
			isa = PBXGroup;
			children = (
				6A5570F21A15C7ED00C46014 /* HexMeister.app */,
				6AFA53291A168CDE008888C4 /* Integers.bundle */,
			);
			name = Products;
			sourceTree = "<group>";
		};
		6A5570F41A15C7ED00C46014 /* App Delegate */ = {
			isa = PBXGroup;
			children = (
				6A5570F71A15C7ED00C46014 /* TSAppDelegate.h */,
				6A5570F81A15C7ED00C46014 /* TSAppDelegate.m */,
				6A5571041A15C7ED00C46014 /* MainMenu.xib */,
				6AFA533D1A16FC2A008888C4 /* DefaultPreferences.plist */,
				6A5570F51A15C7ED00C46014 /* Supporting Files */,
			);
			name = "App Delegate";
			path = HexMeister;
			sourceTree = "<group>";
		};
		6A5570F51A15C7ED00C46014 /* Supporting Files */ = {
			isa = PBXGroup;
			children = (
				6A5570FA1A15C7ED00C46014 /* main.m */,
				6A5571291A15C9B900C46014 /* HexMeister-Prefix.pch */,
			);
			name = "Supporting Files";
			sourceTree = "<group>";
		};
		6A55711C1A15C89F00C46014 /* Products */ = {
			isa = PBXGroup;
			children = (
				6A5571201A15C89F00C46014 /* TSAppKit.framework */,
			);
			name = Products;
			sourceTree = "<group>";
		};
		6A5571271A15C93300C46014 /* Document */ = {
			isa = PBXGroup;
			children = (
				6A5570FC1A15C7ED00C46014 /* TSDocument.h */,
				6A5570FD1A15C7ED00C46014 /* TSDocument.m */,
				6A5570FF1A15C7ED00C46014 /* TSDocument.xib */,
			);
			name = Document;
			sourceTree = "<group>";
		};
		6A5571281A15C97F00C46014 /* Resources */ = {
			isa = PBXGroup;
			children = (
				6A5570F61A15C7ED00C46014 /* Info.plist */,
				6A5571021A15C7ED00C46014 /* Images.xcassets */,
			);
			name = Resources;
			path = HexMeister;
			sourceTree = "<group>";
		};
		6A55712B1A15CA3D00C46014 /* Preferences */ = {
			isa = PBXGroup;
			children = (
				6A55712E1A15CCC200C46014 /* TSPreferencesGeneral.h */,
				6A55712F1A15CCC200C46014 /* TSPreferencesGeneral.m */,
				6A5571301A15CCC200C46014 /* TSPreferencesGeneral.xib */,
				6A55712C1A15CC3E00C46014 /* TSPreferencesPanels.plist */,
			);
			name = Preferences;
			path = HexMeister;
			sourceTree = "<group>";
		};
		6A5571351A15D22700C46014 /* PlugIn API */ = {
			isa = PBXGroup;
			children = (
				6A5571361A15D2E300C46014 /* TSPlugInManager.h */,
				6A5571371A15D2E300C46014 /* TSPlugInManager.m */,
				6AFA53361A168EEE008888C4 /* TSPlugIn.h */,
			);
			name = "PlugIn API";
			sourceTree = "<group>";
		};
		6AFA531F1A15D404008888C4 /* Default PlugIns */ = {
			isa = PBXGroup;
			children = (
				6AFA532A1A168CDE008888C4 /* Integers */,
			);
			name = "Default PlugIns";
			sourceTree = "<group>";
		};
		6AFA53211A164208008888C4 /* Helpers */ = {
			isa = PBXGroup;
			children = (
				6AFA53221A16421D008888C4 /* TSPathHelper.h */,
				6AFA53231A16421D008888C4 /* TSPathHelper.m */,
			);
			name = Helpers;
			path = HexMeister;
			sourceTree = "<group>";
		};
		6AFA532A1A168CDE008888C4 /* Integers */ = {
			isa = PBXGroup;
			children = (
				6AFA53331A168D35008888C4 /* TSIntegerPlugin.h */,
				6AFA53341A168D35008888C4 /* TSIntegerPlugin.m */,
				6AFA532B1A168CDE008888C4 /* Supporting Files */,
			);
			path = Integers;
			sourceTree = "<group>";
		};
		6AFA532B1A168CDE008888C4 /* Supporting Files */ = {
			isa = PBXGroup;
			children = (
				6AFA532C1A168CDE008888C4 /* Info.plist */,
			);
			name = "Supporting Files";
			sourceTree = "<group>";
		};
		6AFA53371A16F36E008888C4 /* hex view */ = {
			isa = PBXGroup;
			children = (
				6AFA53381A16F3C1008888C4 /* TSHexView.h */,
				6AFA53391A16F3C1008888C4 /* TSHexView.m */,
			);
			name = "hex view";
			sourceTree = "<group>";
		};
/* End PBXGroup section */

/* Begin PBXNativeTarget section */
		6A5570F11A15C7ED00C46014 /* HexMeister */ = {
			isa = PBXNativeTarget;
			buildConfigurationList = 6A5571151A15C7ED00C46014 /* Build configuration list for PBXNativeTarget "HexMeister" */;
			buildPhases = (
				A3F09D5A23A494D09EB23681 /* Check Pods Manifest.lock */,
				6A5570EF1A15C7ED00C46014 /* Frameworks */,
				6AFA531E1A15D37E008888C4 /* Increment Bundle Version */,
				6A5570EE1A15C7ED00C46014 /* Sources */,
				6A5571251A15C8B800C46014 /* Copy Frameworks */,
				6A5570F01A15C7ED00C46014 /* Resources */,
				6AFA53201A15D414008888C4 /* Copy PlugIns */,
				F9E7F4FB058705225108A8FE /* Copy Pods Resources */,
			);
			buildRules = (
			);
			dependencies = (
				6AFA53311A168D09008888C4 /* PBXTargetDependency */,
				6A5571241A15C8B600C46014 /* PBXTargetDependency */,
			);
			name = HexMeister;
			productName = HexMeister;
			productReference = 6A5570F21A15C7ED00C46014 /* HexMeister.app */;
			productType = "com.apple.product-type.application";
		};
		6AFA53281A168CDE008888C4 /* Integers */ = {
			isa = PBXNativeTarget;
			buildConfigurationList = 6AFA532D1A168CDE008888C4 /* Build configuration list for PBXNativeTarget "Integers" */;
			buildPhases = (
				6AFA53251A168CDE008888C4 /* Sources */,
				6AFA53261A168CDE008888C4 /* Frameworks */,
				6AFA53271A168CDE008888C4 /* Resources */,
			);
			buildRules = (
			);
			dependencies = (
			);
			name = Integers;
			productName = Integers;
			productReference = 6AFA53291A168CDE008888C4 /* Integers.bundle */;
			productType = "com.apple.product-type.bundle";
		};
/* End PBXNativeTarget section */

/* Begin PBXProject section */
		6A5570EA1A15C7ED00C46014 /* Project object */ = {
			isa = PBXProject;
			attributes = {
				LastUpgradeCheck = 0610;
				ORGANIZATIONNAME = "Tristan Seifert";
				TargetAttributes = {
					6A5570F11A15C7ED00C46014 = {
						CreatedOnToolsVersion = 6.1;
					};
					6AFA53281A168CDE008888C4 = {
						CreatedOnToolsVersion = 6.1;
					};
				};
			};
			buildConfigurationList = 6A5570ED1A15C7ED00C46014 /* Build configuration list for PBXProject "HexMeister" */;
			compatibilityVersion = "Xcode 3.2";
			developmentRegion = English;
			hasScannedForEncodings = 0;
			knownRegions = (
				en,
				Base,
			);
			mainGroup = 6A5570E91A15C7ED00C46014;
			productRefGroup = 6A5570F31A15C7ED00C46014 /* Products */;
			projectDirPath = "";
			projectReferences = (
				{
					ProductGroup = 6A55711C1A15C89F00C46014 /* Products */;
					ProjectRef = 6A55711B1A15C89F00C46014 /* TSAppKit.xcodeproj */;
				},
			);
			projectRoot = "";
			targets = (
				6A5570F11A15C7ED00C46014 /* HexMeister */,
				6AFA53281A168CDE008888C4 /* Integers */,
			);
		};
/* End PBXProject section */

/* Begin PBXReferenceProxy section */
		6A5571201A15C89F00C46014 /* TSAppKit.framework */ = {
			isa = PBXReferenceProxy;
			fileType = wrapper.framework;
			path = TSAppKit.framework;
			remoteRef = 6A55711F1A15C89F00C46014 /* PBXContainerItemProxy */;
			sourceTree = BUILT_PRODUCTS_DIR;
		};
/* End PBXReferenceProxy section */

/* Begin PBXResourcesBuildPhase section */
		6A5570F01A15C7ED00C46014 /* Resources */ = {
			isa = PBXResourcesBuildPhase;
			buildActionMask = 2147483647;
			files = (
				6A5571011A15C7ED00C46014 /* TSDocument.xib in Resources */,
				6A5571031A15C7ED00C46014 /* Images.xcassets in Resources */,
				6A5571321A15CCC200C46014 /* TSPreferencesGeneral.xib in Resources */,
				6A5571061A15C7ED00C46014 /* MainMenu.xib in Resources */,
				6A55712D1A15CC3E00C46014 /* TSPreferencesPanels.plist in Resources */,
				6AFA533E1A16FC2A008888C4 /* DefaultPreferences.plist in Resources */,
			);
			runOnlyForDeploymentPostprocessing = 0;
		};
		6AFA53271A168CDE008888C4 /* Resources */ = {
			isa = PBXResourcesBuildPhase;
			buildActionMask = 2147483647;
			files = (
			);
			runOnlyForDeploymentPostprocessing = 0;
		};
/* End PBXResourcesBuildPhase section */

/* Begin PBXShellScriptBuildPhase section */
		6AFA531E1A15D37E008888C4 /* Increment Bundle Version */ = {
			isa = PBXShellScriptBuildPhase;
			buildActionMask = 8;
			files = (
			);
			inputPaths = (
			);
			name = "Increment Bundle Version";
			outputPaths = (
			);
			runOnlyForDeploymentPostprocessing = 1;
			shellPath = /bin/sh;
			shellScript = "#!/bin/bash\nbuildNumber=$(/usr/libexec/PlistBuddy -c \"Print CFBundleVersion\" \"$INFOPLIST_FILE\")\nbuildNumber=$(($buildNumber + 1))\n/usr/libexec/PlistBuddy -c \"Set :CFBundleVersion $buildNumber\" \"$INFOPLIST_FILE\"";
		};
		A3F09D5A23A494D09EB23681 /* Check Pods Manifest.lock */ = {
			isa = PBXShellScriptBuildPhase;
			buildActionMask = 2147483647;
			files = (
			);
			inputPaths = (
			);
			name = "Check Pods Manifest.lock";
			outputPaths = (
			);
			runOnlyForDeploymentPostprocessing = 0;
			shellPath = /bin/sh;
			shellScript = "diff \"${PODS_ROOT}/../Podfile.lock\" \"${PODS_ROOT}/Manifest.lock\" > /dev/null\nif [[ $? != 0 ]] ; then\n    cat << EOM\nerror: The sandbox is not in sync with the Podfile.lock. Run 'pod install' or update your CocoaPods installation.\nEOM\n    exit 1\nfi\n";
			showEnvVarsInLog = 0;
		};
		F9E7F4FB058705225108A8FE /* Copy Pods Resources */ = {
			isa = PBXShellScriptBuildPhase;
			buildActionMask = 2147483647;
			files = (
			);
			inputPaths = (
			);
			name = "Copy Pods Resources";
			outputPaths = (
			);
			runOnlyForDeploymentPostprocessing = 0;
			shellPath = /bin/sh;
			shellScript = "\"${SRCROOT}/Pods/Target Support Files/Pods-HexMeister/Pods-HexMeister-resources.sh\"\n";
			showEnvVarsInLog = 0;
		};
/* End PBXShellScriptBuildPhase section */

/* Begin PBXSourcesBuildPhase section */
		6A5570EE1A15C7ED00C46014 /* Sources */ = {
			isa = PBXSourcesBuildPhase;
			buildActionMask = 2147483647;
			files = (
				6A5571311A15CCC200C46014 /* TSPreferencesGeneral.m in Sources */,
				6AFA53241A16421D008888C4 /* TSPathHelper.m in Sources */,
				6A5571381A15D2E300C46014 /* TSPlugInManager.m in Sources */,
				6A5570FE1A15C7ED00C46014 /* TSDocument.m in Sources */,
				6A5570FB1A15C7ED00C46014 /* main.m in Sources */,
				6A5570F91A15C7ED00C46014 /* TSAppDelegate.m in Sources */,
				6AFA533A1A16F3C1008888C4 /* TSHexView.m in Sources */,
			);
			runOnlyForDeploymentPostprocessing = 0;
		};
		6AFA53251A168CDE008888C4 /* Sources */ = {
			isa = PBXSourcesBuildPhase;
			buildActionMask = 2147483647;
			files = (
				6AFA53351A168D35008888C4 /* TSIntegerPlugin.m in Sources */,
			);
			runOnlyForDeploymentPostprocessing = 0;
		};
/* End PBXSourcesBuildPhase section */

/* Begin PBXTargetDependency section */
		6A5571241A15C8B600C46014 /* PBXTargetDependency */ = {
			isa = PBXTargetDependency;
			name = TSAppKit;
			targetProxy = 6A5571231A15C8B600C46014 /* PBXContainerItemProxy */;
		};
		6AFA53311A168D09008888C4 /* PBXTargetDependency */ = {
			isa = PBXTargetDependency;
			target = 6AFA53281A168CDE008888C4 /* Integers */;
			targetProxy = 6AFA53301A168D09008888C4 /* PBXContainerItemProxy */;
		};
/* End PBXTargetDependency section */

/* Begin PBXVariantGroup section */
		6A5570FF1A15C7ED00C46014 /* TSDocument.xib */ = {
			isa = PBXVariantGroup;
			children = (
				6A5571001A15C7ED00C46014 /* Base */,
			);
			name = TSDocument.xib;
			path = HexMeister;
			sourceTree = "<group>";
		};
		6A5571041A15C7ED00C46014 /* MainMenu.xib */ = {
			isa = PBXVariantGroup;
			children = (
				6A5571051A15C7ED00C46014 /* Base */,
			);
			name = MainMenu.xib;
			sourceTree = "<group>";
		};
/* End PBXVariantGroup section */

/* Begin XCBuildConfiguration section */
		6A5571131A15C7ED00C46014 /* Debug */ = {
			isa = XCBuildConfiguration;
			buildSettings = {
				ALWAYS_SEARCH_USER_PATHS = NO;
				CLANG_CXX_LANGUAGE_STANDARD = "gnu++0x";
				CLANG_CXX_LIBRARY = "libc++";
				CLANG_ENABLE_MODULES = YES;
				CLANG_ENABLE_OBJC_ARC = YES;
				CLANG_WARN_BOOL_CONVERSION = YES;
				CLANG_WARN_CONSTANT_CONVERSION = YES;
				CLANG_WARN_DIRECT_OBJC_ISA_USAGE = YES_ERROR;
				CLANG_WARN_EMPTY_BODY = YES;
				CLANG_WARN_ENUM_CONVERSION = YES;
				CLANG_WARN_INT_CONVERSION = YES;
				CLANG_WARN_OBJC_ROOT_CLASS = YES_ERROR;
				CLANG_WARN_UNREACHABLE_CODE = YES;
				CLANG_WARN__DUPLICATE_METHOD_MATCH = YES;
				CODE_SIGN_IDENTITY = "-";
				COPY_PHASE_STRIP = NO;
				ENABLE_STRICT_OBJC_MSGSEND = YES;
				GCC_C_LANGUAGE_STANDARD = gnu99;
				GCC_DYNAMIC_NO_PIC = NO;
				GCC_OPTIMIZATION_LEVEL = 0;
				GCC_PREPROCESSOR_DEFINITIONS = (
					"DEBUG=1",
					"$(inherited)",
				);
				GCC_SYMBOLS_PRIVATE_EXTERN = NO;
				GCC_WARN_64_TO_32_BIT_CONVERSION = YES;
				GCC_WARN_ABOUT_RETURN_TYPE = YES_ERROR;
				GCC_WARN_UNDECLARED_SELECTOR = YES;
				GCC_WARN_UNINITIALIZED_AUTOS = YES_AGGRESSIVE;
				GCC_WARN_UNUSED_FUNCTION = YES;
				GCC_WARN_UNUSED_VARIABLE = YES;
				MACOSX_DEPLOYMENT_TARGET = 10.10;
				MTL_ENABLE_DEBUG_INFO = YES;
				ONLY_ACTIVE_ARCH = YES;
				SDKROOT = macosx;
			};
			name = Debug;
		};
		6A5571141A15C7ED00C46014 /* Release */ = {
			isa = XCBuildConfiguration;
			buildSettings = {
				ALWAYS_SEARCH_USER_PATHS = NO;
				CLANG_CXX_LANGUAGE_STANDARD = "gnu++0x";
				CLANG_CXX_LIBRARY = "libc++";
				CLANG_ENABLE_MODULES = YES;
				CLANG_ENABLE_OBJC_ARC = YES;
				CLANG_WARN_BOOL_CONVERSION = YES;
				CLANG_WARN_CONSTANT_CONVERSION = YES;
				CLANG_WARN_DIRECT_OBJC_ISA_USAGE = YES_ERROR;
				CLANG_WARN_EMPTY_BODY = YES;
				CLANG_WARN_ENUM_CONVERSION = YES;
				CLANG_WARN_INT_CONVERSION = YES;
				CLANG_WARN_OBJC_ROOT_CLASS = YES_ERROR;
				CLANG_WARN_UNREACHABLE_CODE = YES;
				CLANG_WARN__DUPLICATE_METHOD_MATCH = YES;
				CODE_SIGN_IDENTITY = "-";
				COPY_PHASE_STRIP = YES;
				DEBUG_INFORMATION_FORMAT = "dwarf-with-dsym";
				ENABLE_NS_ASSERTIONS = NO;
				ENABLE_STRICT_OBJC_MSGSEND = YES;
				GCC_C_LANGUAGE_STANDARD = gnu99;
				GCC_WARN_64_TO_32_BIT_CONVERSION = YES;
				GCC_WARN_ABOUT_RETURN_TYPE = YES_ERROR;
				GCC_WARN_UNDECLARED_SELECTOR = YES;
				GCC_WARN_UNINITIALIZED_AUTOS = YES_AGGRESSIVE;
				GCC_WARN_UNUSED_FUNCTION = YES;
				GCC_WARN_UNUSED_VARIABLE = YES;
				MACOSX_DEPLOYMENT_TARGET = 10.10;
				MTL_ENABLE_DEBUG_INFO = NO;
				SDKROOT = macosx;
			};
			name = Release;
		};
		6A5571161A15C7ED00C46014 /* Debug */ = {
			isa = XCBuildConfiguration;
			baseConfigurationReference = 7CE49B4213CEC972DF88700E /* Pods-HexMeister.debug.xcconfig */;
			buildSettings = {
				ASSETCATALOG_COMPILER_APPICON_NAME = AppIcon;
				COMBINE_HIDPI_IMAGES = YES;
				GCC_PREFIX_HEADER = "HexMeister/HexMeister-Prefix.pch";
				INFOPLIST_FILE = HexMeister/Info.plist;
				LD_RUNPATH_SEARCH_PATHS = "$(inherited) @executable_path/../Frameworks";
				PRODUCT_NAME = "$(TARGET_NAME)";
			};
			name = Debug;
		};
		6A5571171A15C7ED00C46014 /* Release */ = {
			isa = XCBuildConfiguration;
			baseConfigurationReference = C94337398F727D027D9EA08F /* Pods-HexMeister.release.xcconfig */;
			buildSettings = {
				ASSETCATALOG_COMPILER_APPICON_NAME = AppIcon;
				COMBINE_HIDPI_IMAGES = YES;
				GCC_PREFIX_HEADER = "HexMeister/HexMeister-Prefix.pch";
				INFOPLIST_FILE = HexMeister/Info.plist;
				LD_RUNPATH_SEARCH_PATHS = "$(inherited) @executable_path/../Frameworks";
				PRODUCT_NAME = "$(TARGET_NAME)";
			};
			name = Release;
		};
		6AFA532E1A168CDE008888C4 /* Debug */ = {
			isa = XCBuildConfiguration;
			buildSettings = {
				BUNDLE_LOADER = "$(BUILT_PRODUCTS_DIR)/HexMeister.app/Contents/MacOS/HexMeister";
				COMBINE_HIDPI_IMAGES = YES;
				GCC_PREPROCESSOR_DEFINITIONS = (
					"DEBUG=1",
					"$(inherited)",
				);
				INFOPLIST_FILE = Integers/Info.plist;
				INSTALL_PATH = "$(LOCAL_LIBRARY_DIR)/Bundles";
				PRODUCT_NAME = "$(TARGET_NAME)";
				SKIP_INSTALL = YES;
				WRAPPER_EXTENSION = bundle;
			};
			name = Debug;
		};
		6AFA532F1A168CDE008888C4 /* Release */ = {
			isa = XCBuildConfiguration;
			buildSettings = {
				BUNDLE_LOADER = "$(BUILT_PRODUCTS_DIR)/HexMeister.app/Contents/MacOS/HexMeister";
				COMBINE_HIDPI_IMAGES = YES;
				INFOPLIST_FILE = Integers/Info.plist;
				INSTALL_PATH = "$(LOCAL_LIBRARY_DIR)/Bundles";
				PRODUCT_NAME = "$(TARGET_NAME)";
				SKIP_INSTALL = YES;
				WRAPPER_EXTENSION = bundle;
			};
			name = Release;
		};
/* End XCBuildConfiguration section */

/* Begin XCConfigurationList section */
		6A5570ED1A15C7ED00C46014 /* Build configuration list for PBXProject "HexMeister" */ = {
			isa = XCConfigurationList;
			buildConfigurations = (
				6A5571131A15C7ED00C46014 /* Debug */,
				6A5571141A15C7ED00C46014 /* Release */,
			);
			defaultConfigurationIsVisible = 0;
			defaultConfigurationName = Release;
		};
		6A5571151A15C7ED00C46014 /* Build configuration list for PBXNativeTarget "HexMeister" */ = {
			isa = XCConfigurationList;
			buildConfigurations = (
				6A5571161A15C7ED00C46014 /* Debug */,
				6A5571171A15C7ED00C46014 /* Release */,
			);
			defaultConfigurationIsVisible = 0;
			defaultConfigurationName = Release;
		};
		6AFA532D1A168CDE008888C4 /* Build configuration list for PBXNativeTarget "Integers" */ = {
			isa = XCConfigurationList;
			buildConfigurations = (
				6AFA532E1A168CDE008888C4 /* Debug */,
				6AFA532F1A168CDE008888C4 /* Release */,
			);
			defaultConfigurationIsVisible = 0;
			defaultConfigurationName = Release;
		};
/* End XCConfigurationList section */
	};
	rootObject = 6A5570EA1A15C7ED00C46014 /* Project object */;
}
